
Microsoft Visual Studio Solution File, Format Version 12.00
# Visual Studio Version 16
VisualStudioVersion = 16.0.29123.88
MinimumVisualStudioVersion = 10.0.40219.1
Project("{9A19103F-16F7-4668-BE54-9A1E7A4F7556}") = "CarParts", "CarParts\CarParts.csproj", "{F9C55FA9-B2D4-45C9-8FBD-1D4AB2C163C2}"
EndProject
Project("{FAE04EC0-301F-11D3-BF4B-00C04F79EFBC}") = "CarParts.DataAccess", "CarParts.DataAccess\CarParts.DataAccess.csproj", "{3D0CFF2C-0FE5-4878-8520-43B2EB99157D}"
EndProject
Project("{FAE04EC0-301F-11D3-BF4B-00C04F79EFBC}") = "CarParts.Domain", "CarParts.Domain\CarParts.Domain.csproj", "{B03D3B4C-0335-454B-A2FE-1CB871D36E7E}"
EndProject
Project("{FAE04EC0-301F-11D3-BF4B-00C04F79EFBC}") = "CarParts.Dto", "CarParts.Dto\CarParts.Dto.csproj", "{BC58D13E-6F7E-4153-8DAD-19D9ECF4C20B}"
EndProject
Project("{FAE04EC0-301F-11D3-BF4B-00C04F79EFBC}") = "CarParts.Helpers", "CarParts.Helpers\CarParts.Helpers.csproj", "{65FAC006-1EA0-4406-829C-B1CD6A8A9394}"
EndProject
Global
	GlobalSection(SolutionConfigurationPlatforms) = preSolution
		Debug|Any CPU = Debug|Any CPU
		Release|Any CPU = Release|Any CPU
	EndGlobalSection
	GlobalSection(ProjectConfigurationPlatforms) = postSolution
		{F9C55FA9-B2D4-45C9-8FBD-1D4AB2C163C2}.Debug|Any CPU.ActiveCfg = Debug|Any CPU
		{F9C55FA9-B2D4-45C9-8FBD-1D4AB2C163C2}.Debug|Any CPU.Build.0 = Debug|Any CPU
		{F9C55FA9-B2D4-45C9-8FBD-1D4AB2C163C2}.Release|Any CPU.ActiveCfg = Release|Any CPU
		{F9C55FA9-B2D4-45C9-8FBD-1D4AB2C163C2}.Release|Any CPU.Build.0 = Release|Any CPU
		{3D0CFF2C-0FE5-4878-8520-43B2EB99157D}.Debug|Any CPU.ActiveCfg = Debug|Any CPU
		{3D0CFF2C-0FE5-4878-8520-43B2EB99157D}.Debug|Any CPU.Build.0 = Debug|Any CPU
		{3D0CFF2C-0FE5-4878-8520-43B2EB99157D}.Release|Any CPU.ActiveCfg = Release|Any CPU
		{3D0CFF2C-0FE5-4878-8520-43B2EB99157D}.Release|Any CPU.Build.0 = Release|Any CPU
		{B03D3B4C-0335-454B-A2FE-1CB871D36E7E}.Debug|Any CPU.ActiveCfg = Debug|Any CPU
		{B03D3B4C-0335-454B-A2FE-1CB871D36E7E}.Debug|Any CPU.Build.0 = Debug|Any CPU
		{B03D3B4C-0335-454B-A2FE-1CB871D36E7E}.Release|Any CPU.ActiveCfg = Release|Any CPU
		{B03D3B4C-0335-454B-A2FE-1CB871D36E7E}.Release|Any CPU.Build.0 = Release|Any CPU
		{BC58D13E-6F7E-4153-8DAD-19D9ECF4C20B}.Debug|Any CPU.ActiveCfg = Debug|Any CPU
		{BC58D13E-6F7E-4153-8DAD-19D9ECF4C20B}.Debug|Any CPU.Build.0 = Debug|Any CPU
		{BC58D13E-6F7E-4153-8DAD-19D9ECF4C20B}.Release|Any CPU.ActiveCfg = Release|Any CPU
		{BC58D13E-6F7E-4153-8DAD-19D9ECF4C20B}.Release|Any CPU.Build.0 = Release|Any CPU
		{65FAC006-1EA0-4406-829C-B1CD6A8A9394}.Debug|Any CPU.ActiveCfg = Debug|Any CPU
		{65FAC006-1EA0-4406-829C-B1CD6A8A9394}.Debug|Any CPU.Build.0 = Debug|Any CPU
		{65FAC006-1EA0-4406-829C-B1CD6A8A9394}.Release|Any CPU.ActiveCfg = Release|Any CPU
		{65FAC006-1EA0-4406-829C-B1CD6A8A9394}.Release|Any CPU.Build.0 = Release|Any CPU
	EndGlobalSection
	GlobalSection(SolutionProperties) = preSolution
		HideSolutionNode = FALSE
	EndGlobalSection
	GlobalSection(ExtensibilityGlobals) = postSolution
		SolutionGuid = {EF54D766-CBBB-4B6B-866C-8AE33677DEAD}
	EndGlobalSection
EndGlobal
